
Microsoft Visual Studio Solution File, Format Version 12.00
# Visual Studio Version 17
VisualStudioVersion = 17.13.35828.75 d17.13
MinimumVisualStudioVersion = 10.0.40219.1
Project("{FAE04EC0-301F-11D3-BF4B-00C04F79EFBC}") = "UI", "UI\UI.csproj", "{4C818317-B580-4F92-9EE5-26F8A06D06DE}"
EndProject
Project("{FAE04EC0-301F-11D3-BF4B-00C04F79EFBC}") = "BLL", "BLL\BLL.csproj", "{D47DD0B6-64B5-4231-B22B-F2744B643BA2}"
EndProject
Project("{FAE04EC0-301F-11D3-BF4B-00C04F79EFBC}") = "DAL", "DAL\DAL.csproj", "{B36E4C56-980C-4133-BD4A-E0AE1E5AA7C4}"
EndProject
Project("{FAE04EC0-301F-11D3-BF4B-00C04F79EFBC}") = "Entities", "Entities\Entities.csproj", "{AA3651FD-1CF3-486B-B8D5-94FD98FD55DC}"
EndProject
Project("{FAE04EC0-301F-11D3-BF4B-00C04F79EFBC}") = "Utilities", "Utilities\Utilities.csproj", "{1942799E-2877-4243-BCE4-B6DF4F462191}"
EndProject
Global
	GlobalSection(SolutionConfigurationPlatforms) = preSolution
		Debug|Any CPU = Debug|Any CPU
		Release|Any CPU = Release|Any CPU
	EndGlobalSection
	GlobalSection(ProjectConfigurationPlatforms) = postSolution
		{4C818317-B580-4F92-9EE5-26F8A06D06DE}.Debug|Any CPU.ActiveCfg = Debug|Any CPU
		{4C818317-B580-4F92-9EE5-26F8A06D06DE}.Debug|Any CPU.Build.0 = Debug|Any CPU
		{4C818317-B580-4F92-9EE5-26F8A06D06DE}.Release|Any CPU.ActiveCfg = Release|Any CPU
		{4C818317-B580-4F92-9EE5-26F8A06D06DE}.Release|Any CPU.Build.0 = Release|Any CPU
		{D47DD0B6-64B5-4231-B22B-F2744B643BA2}.Debug|Any CPU.ActiveCfg = Debug|Any CPU
		{D47DD0B6-64B5-4231-B22B-F2744B643BA2}.Debug|Any CPU.Build.0 = Debug|Any CPU
		{D47DD0B6-64B5-4231-B22B-F2744B643BA2}.Release|Any CPU.ActiveCfg = Release|Any CPU
		{D47DD0B6-64B5-4231-B22B-F2744B643BA2}.Release|Any CPU.Build.0 = Release|Any CPU
		{B36E4C56-980C-4133-BD4A-E0AE1E5AA7C4}.Debug|Any CPU.ActiveCfg = Debug|Any CPU
		{B36E4C56-980C-4133-BD4A-E0AE1E5AA7C4}.Debug|Any CPU.Build.0 = Debug|Any CPU
		{B36E4C56-980C-4133-BD4A-E0AE1E5AA7C4}.Release|Any CPU.ActiveCfg = Release|Any CPU
		{B36E4C56-980C-4133-BD4A-E0AE1E5AA7C4}.Release|Any CPU.Build.0 = Release|Any CPU
		{AA3651FD-1CF3-486B-B8D5-94FD98FD55DC}.Debug|Any CPU.ActiveCfg = Debug|Any CPU
		{AA3651FD-1CF3-486B-B8D5-94FD98FD55DC}.Debug|Any CPU.Build.0 = Debug|Any CPU
		{AA3651FD-1CF3-486B-B8D5-94FD98FD55DC}.Release|Any CPU.ActiveCfg = Release|Any CPU
		{AA3651FD-1CF3-486B-B8D5-94FD98FD55DC}.Release|Any CPU.Build.0 = Release|Any CPU
		{1942799E-2877-4243-BCE4-B6DF4F462191}.Debug|Any CPU.ActiveCfg = Debug|Any CPU
		{1942799E-2877-4243-BCE4-B6DF4F462191}.Debug|Any CPU.Build.0 = Debug|Any CPU
		{1942799E-2877-4243-BCE4-B6DF4F462191}.Release|Any CPU.ActiveCfg = Release|Any CPU
		{1942799E-2877-4243-BCE4-B6DF4F462191}.Release|Any CPU.Build.0 = Release|Any CPU
	EndGlobalSection
	GlobalSection(SolutionProperties) = preSolution
		HideSolutionNode = FALSE
	EndGlobalSection
	GlobalSection(ExtensibilityGlobals) = postSolution
		SolutionGuid = {4C569970-7E6B-4263-B0D2-978BDAC92D3A}
	EndGlobalSection
EndGlobal
